// !$*UTF8*$!
{
	archiveVersion = 1;
	classes = {
	};
	objectVersion = 48;
	objects = {

/* Begin PBXAggregateTarget section */
		B5366E1F2139A4460040903A /* ALL */ = {
			isa = PBXAggregateTarget;
			buildConfigurationList = B5366E202139A4460040903A /* Build configuration list for PBXAggregateTarget "ALL" */;
			buildPhases = (
			);
			dependencies = (
				B5366E242139A44C0040903A /* PBXTargetDependency */,
				B5366E262139A44C0040903A /* PBXTargetDependency */,
			);
			name = ALL;
			productName = ALL;
		};
/* End PBXAggregateTarget section */

/* Begin PBXBuildFile section */
		B5003D84215D744D007DC6C7 /* libDataLib.a in Frameworks */ = {isa = PBXBuildFile; fileRef = B5366E4B213AF91E0040903A /* libDataLib.a */; };
		B5003D8E215D7467007DC6C7 /* libDataLib.a in Frameworks */ = {isa = PBXBuildFile; fileRef = B5366E4B213AF91E0040903A /* libDataLib.a */; };
		B5366DF521399FB10040903A /* Cllient.cpp in Sources */ = {isa = PBXBuildFile; fileRef = B5366DF421399FB10040903A /* Cllient.cpp */; };
		B5366E0B2139A0EE0040903A /* Server.cpp in Sources */ = {isa = PBXBuildFile; fileRef = B5366E0A2139A0EE0040903A /* Server.cpp */; };
		B5366E54213AFAF20040903A /* IMP_Image.cpp in Sources */ = {isa = PBXBuildFile; fileRef = B5366E52213AFAF20040903A /* IMP_Image.cpp */; };
		B5366E55213AFAF20040903A /* IMP_Image.hpp in Headers */ = {isa = PBXBuildFile; fileRef = B5366E53213AFAF20040903A /* IMP_Image.hpp */; };
		B5AA3F55213EF54E002BCC34 /* IMP_Message.cpp in Sources */ = {isa = PBXBuildFile; fileRef = B5AA3F53213EF54E002BCC34 /* IMP_Message.cpp */; };
		B5AA3F56213EF54E002BCC34 /* IMP_Message.hpp in Headers */ = {isa = PBXBuildFile; fileRef = B5AA3F54213EF54E002BCC34 /* IMP_Message.hpp */; };
		B5AA3F59213EFB8C002BCC34 /* IMP_MessageBody.cpp in Sources */ = {isa = PBXBuildFile; fileRef = B5AA3F57213EFB8C002BCC34 /* IMP_MessageBody.cpp */; };
		B5AA3F5A213EFB8C002BCC34 /* IMP_MessageBody.hpp in Headers */ = {isa = PBXBuildFile; fileRef = B5AA3F58213EFB8C002BCC34 /* IMP_MessageBody.hpp */; };
		B5AA3F61213EFDE2002BCC34 /* IMP_ImageSizeMessageBody.cpp in Sources */ = {isa = PBXBuildFile; fileRef = B5AA3F5F213EFDE2002BCC34 /* IMP_ImageSizeMessageBody.cpp */; };
		B5AA3F62213EFDE2002BCC34 /* IMP_ImageSizeMessageBody.hpp in Headers */ = {isa = PBXBuildFile; fileRef = B5AA3F60213EFDE2002BCC34 /* IMP_ImageSizeMessageBody.hpp */; };
		B5AA3F662140646A002BCC34 /* libComLib.a in Frameworks */ = {isa = PBXBuildFile; fileRef = B5366E2B213AE4090040903A /* libComLib.a */; };
		B5AA3F69214069BB002BCC34 /* IMP_Server.cpp in Sources */ = {isa = PBXBuildFile; fileRef = B5AA3F67214069BB002BCC34 /* IMP_Server.cpp */; };
		B5AA3F6A214069BB002BCC34 /* IMP_Server.hpp in Headers */ = {isa = PBXBuildFile; fileRef = B5AA3F68214069BB002BCC34 /* IMP_Server.hpp */; };
		B5AA3F6D21456B7E002BCC34 /* libComLib.a in Frameworks */ = {isa = PBXBuildFile; fileRef = B5366E2B213AE4090040903A /* libComLib.a */; };
		B5AA3F702145B3F7002BCC34 /* IMP_Client.cpp in Sources */ = {isa = PBXBuildFile; fileRef = B5AA3F6E2145B3F7002BCC34 /* IMP_Client.cpp */; };
		B5AA3F712145B3F7002BCC34 /* IMP_Client.hpp in Headers */ = {isa = PBXBuildFile; fileRef = B5AA3F6F2145B3F7002BCC34 /* IMP_Client.hpp */; };
		B5AA3F7821485BD2002BCC34 /* IMP_AckMessageBody.cpp in Sources */ = {isa = PBXBuildFile; fileRef = B5AA3F7621485BD2002BCC34 /* IMP_AckMessageBody.cpp */; };
		B5AA3F7921485BD2002BCC34 /* IMP_AckMessageBody.hpp in Headers */ = {isa = PBXBuildFile; fileRef = B5AA3F7721485BD2002BCC34 /* IMP_AckMessageBody.hpp */; };
		B5CCEAB321613480003F64AE /* NHO_LOG.cpp in Sources */ = {isa = PBXBuildFile; fileRef = B5CCEAB221613480003F64AE /* NHO_LOG.cpp */; };
/* End PBXBuildFile section */

/* Begin PBXContainerItemProxy section */
		B5003D86215D7455007DC6C7 /* PBXContainerItemProxy */ = {
			isa = PBXContainerItemProxy;
			containerPortal = B5366DC921399E960040903A /* Project object */;
			proxyType = 1;
			remoteGlobalIDString = B5366E4A213AF91E0040903A;
			remoteInfo = DataLib;
		};
		B5003D8A215D7462007DC6C7 /* PBXContainerItemProxy */ = {
			isa = PBXContainerItemProxy;
			containerPortal = B5366DC921399E960040903A /* Project object */;
			proxyType = 1;
			remoteGlobalIDString = B5366E4A213AF91E0040903A;
			remoteInfo = DataLib;
		};
		B5366E232139A44C0040903A /* PBXContainerItemProxy */ = {
			isa = PBXContainerItemProxy;
			containerPortal = B5366DC921399E960040903A /* Project object */;
			proxyType = 1;
			remoteGlobalIDString = B5366DF121399FB10040903A;
			remoteInfo = Client;
		};
		B5366E252139A44C0040903A /* PBXContainerItemProxy */ = {
			isa = PBXContainerItemProxy;
			containerPortal = B5366DC921399E960040903A /* Project object */;
			proxyType = 1;
			remoteGlobalIDString = B5366E072139A0EE0040903A;
			remoteInfo = Server;
		};
		B5AA3F63214063B5002BCC34 /* PBXContainerItemProxy */ = {
			isa = PBXContainerItemProxy;
			containerPortal = B5366DC921399E960040903A /* Project object */;
			proxyType = 1;
			remoteGlobalIDString = B5366E2A213AE4090040903A;
			remoteInfo = ComLib;
		};
		B5AA3F6B21456B79002BCC34 /* PBXContainerItemProxy */ = {
			isa = PBXContainerItemProxy;
			containerPortal = B5366DC921399E960040903A /* Project object */;
			proxyType = 1;
			remoteGlobalIDString = B5366E2A213AE4090040903A;
			remoteInfo = ComLib;
		};
/* End PBXContainerItemProxy section */

/* Begin PBXCopyFilesBuildPhase section */
		B5366DF021399FB10040903A /* CopyFiles */ = {
			isa = PBXCopyFilesBuildPhase;
			buildActionMask = 2147483647;
			dstPath = /usr/share/man/man1/;
			dstSubfolderSpec = 0;
			files = (
			);
			runOnlyForDeploymentPostprocessing = 1;
		};
		B5366E062139A0EE0040903A /* CopyFiles */ = {
			isa = PBXCopyFilesBuildPhase;
			buildActionMask = 2147483647;
			dstPath = /usr/share/man/man1/;
			dstSubfolderSpec = 0;
			files = (
			);
			runOnlyForDeploymentPostprocessing = 1;
		};
/* End PBXCopyFilesBuildPhase section */

/* Begin PBXFileReference section */
		B5003D75214EB1A4007DC6C7 /* .gitignore */ = {isa = PBXFileReference; fileEncoding = 4; lastKnownFileType = text; path = .gitignore; sourceTree = "<group>"; };
		B5003D9A215EBC3F007DC6C7 /* libUtilsLib.a */ = {isa = PBXFileReference; explicitFileType = archive.ar; includeInIndex = 0; path = libUtilsLib.a; sourceTree = BUILT_PRODUCTS_DIR; };
		B5366DF221399FB10040903A /* Client */ = {isa = PBXFileReference; explicitFileType = "compiled.mach-o.executable"; includeInIndex = 0; path = Client; sourceTree = BUILT_PRODUCTS_DIR; };
		B5366DF421399FB10040903A /* Cllient.cpp */ = {isa = PBXFileReference; lastKnownFileType = sourcecode.cpp.cpp; path = Cllient.cpp; sourceTree = "<group>"; };
		B5366E082139A0EE0040903A /* Server */ = {isa = PBXFileReference; explicitFileType = "compiled.mach-o.executable"; includeInIndex = 0; path = Server; sourceTree = BUILT_PRODUCTS_DIR; };
		B5366E0A2139A0EE0040903A /* Server.cpp */ = {isa = PBXFileReference; lastKnownFileType = sourcecode.cpp.cpp; path = Server.cpp; sourceTree = "<group>"; };
		B5366E2B213AE4090040903A /* libComLib.a */ = {isa = PBXFileReference; explicitFileType = archive.ar; includeInIndex = 0; path = libComLib.a; sourceTree = BUILT_PRODUCTS_DIR; };
		B5366E4B213AF91E0040903A /* libDataLib.a */ = {isa = PBXFileReference; explicitFileType = archive.ar; includeInIndex = 0; path = libDataLib.a; sourceTree = BUILT_PRODUCTS_DIR; };
		B5366E52213AFAF20040903A /* IMP_Image.cpp */ = {isa = PBXFileReference; lastKnownFileType = sourcecode.cpp.cpp; path = IMP_Image.cpp; sourceTree = "<group>"; };
		B5366E53213AFAF20040903A /* IMP_Image.hpp */ = {isa = PBXFileReference; lastKnownFileType = sourcecode.cpp.h; path = IMP_Image.hpp; sourceTree = "<group>"; };
		B5AA3F53213EF54E002BCC34 /* IMP_Message.cpp */ = {isa = PBXFileReference; lastKnownFileType = sourcecode.cpp.cpp; path = IMP_Message.cpp; sourceTree = "<group>"; };
		B5AA3F54213EF54E002BCC34 /* IMP_Message.hpp */ = {isa = PBXFileReference; lastKnownFileType = sourcecode.cpp.h; path = IMP_Message.hpp; sourceTree = "<group>"; };
		B5AA3F57213EFB8C002BCC34 /* IMP_MessageBody.cpp */ = {isa = PBXFileReference; lastKnownFileType = sourcecode.cpp.cpp; path = IMP_MessageBody.cpp; sourceTree = "<group>"; };
		B5AA3F58213EFB8C002BCC34 /* IMP_MessageBody.hpp */ = {isa = PBXFileReference; lastKnownFileType = sourcecode.cpp.h; path = IMP_MessageBody.hpp; sourceTree = "<group>"; };
		B5AA3F5F213EFDE2002BCC34 /* IMP_ImageSizeMessageBody.cpp */ = {isa = PBXFileReference; lastKnownFileType = sourcecode.cpp.cpp; path = IMP_ImageSizeMessageBody.cpp; sourceTree = "<group>"; };
		B5AA3F60213EFDE2002BCC34 /* IMP_ImageSizeMessageBody.hpp */ = {isa = PBXFileReference; lastKnownFileType = sourcecode.cpp.h; path = IMP_ImageSizeMessageBody.hpp; sourceTree = "<group>"; };
		B5AA3F67214069BB002BCC34 /* IMP_Server.cpp */ = {isa = PBXFileReference; lastKnownFileType = sourcecode.cpp.cpp; path = IMP_Server.cpp; sourceTree = "<group>"; };
		B5AA3F68214069BB002BCC34 /* IMP_Server.hpp */ = {isa = PBXFileReference; lastKnownFileType = sourcecode.cpp.h; path = IMP_Server.hpp; sourceTree = "<group>"; };
		B5AA3F6E2145B3F7002BCC34 /* IMP_Client.cpp */ = {isa = PBXFileReference; lastKnownFileType = sourcecode.cpp.cpp; path = IMP_Client.cpp; sourceTree = "<group>"; };
		B5AA3F6F2145B3F7002BCC34 /* IMP_Client.hpp */ = {isa = PBXFileReference; lastKnownFileType = sourcecode.cpp.h; path = IMP_Client.hpp; sourceTree = "<group>"; };
		B5AA3F7621485BD2002BCC34 /* IMP_AckMessageBody.cpp */ = {isa = PBXFileReference; lastKnownFileType = sourcecode.cpp.cpp; path = IMP_AckMessageBody.cpp; sourceTree = "<group>"; };
		B5AA3F7721485BD2002BCC34 /* IMP_AckMessageBody.hpp */ = {isa = PBXFileReference; lastKnownFileType = sourcecode.cpp.h; path = IMP_AckMessageBody.hpp; sourceTree = "<group>"; };
		B5CCEAB121613476003F64AE /* NHO_LOG.hpp */ = {isa = PBXFileReference; fileEncoding = 4; lastKnownFileType = sourcecode.cpp.h; name = NHO_LOG.hpp; path = UtilsLib/Inc/NHO_LOG.hpp; sourceTree = SOURCE_ROOT; };
		B5CCEAB221613480003F64AE /* NHO_LOG.cpp */ = {isa = PBXFileReference; fileEncoding = 4; lastKnownFileType = sourcecode.cpp.cpp; name = NHO_LOG.cpp; path = UtilsLib/Src/NHO_LOG.cpp; sourceTree = SOURCE_ROOT; };
/* End PBXFileReference section */

/* Begin PBXFrameworksBuildPhase section */
		B5003D97215EBC3F007DC6C7 /* Frameworks */ = {
			isa = PBXFrameworksBuildPhase;
			buildActionMask = 2147483647;
			files = (
			);
			runOnlyForDeploymentPostprocessing = 0;
		};
		B5366DEF21399FB10040903A /* Frameworks */ = {
			isa = PBXFrameworksBuildPhase;
			buildActionMask = 2147483647;
			files = (
				B5003D8E215D7467007DC6C7 /* libDataLib.a in Frameworks */,
				B5AA3F662140646A002BCC34 /* libComLib.a in Frameworks */,
			);
			runOnlyForDeploymentPostprocessing = 0;
		};
		B5366E052139A0EE0040903A /* Frameworks */ = {
			isa = PBXFrameworksBuildPhase;
			buildActionMask = 2147483647;
			files = (
				B5003D84215D744D007DC6C7 /* libDataLib.a in Frameworks */,
				B5AA3F6D21456B7E002BCC34 /* libComLib.a in Frameworks */,
			);
			runOnlyForDeploymentPostprocessing = 0;
		};
		B5366E28213AE4090040903A /* Frameworks */ = {
			isa = PBXFrameworksBuildPhase;
			buildActionMask = 2147483647;
			files = (
			);
			runOnlyForDeploymentPostprocessing = 0;
		};
		B5366E48213AF91E0040903A /* Frameworks */ = {
			isa = PBXFrameworksBuildPhase;
			buildActionMask = 2147483647;
			files = (
			);
			runOnlyForDeploymentPostprocessing = 0;
		};
/* End PBXFrameworksBuildPhase section */

/* Begin PBXGroup section */
		B5003DB1215EC57D007DC6C7 /* UtilsLib */ = {
			isa = PBXGroup;
			children = (
				B5003DB2215EC58D007DC6C7 /* Inc */,
				B5003DB3215EC592007DC6C7 /* Src */,
			);
			name = UtilsLib;
			path = "New Group";
			sourceTree = "<group>";
		};
		B5003DB2215EC58D007DC6C7 /* Inc */ = {
			isa = PBXGroup;
			children = (
				B5CCEAB121613476003F64AE /* NHO_LOG.hpp */,
			);
			path = Inc;
			sourceTree = "<group>";
		};
		B5003DB3215EC592007DC6C7 /* Src */ = {
			isa = PBXGroup;
			children = (
				B5CCEAB221613480003F64AE /* NHO_LOG.cpp */,
			);
			path = Src;
			sourceTree = "<group>";
		};
		B5366DC821399E960040903A = {
			isa = PBXGroup;
			children = (
				B5003DB1215EC57D007DC6C7 /* UtilsLib */,
				B5003D75214EB1A4007DC6C7 /* .gitignore */,
				B5366E4F213AF92F0040903A /* DataLib */,
				B5366E2F213AE41D0040903A /* ComLib */,
				B5366DF321399FB10040903A /* Client */,
				B5366E092139A0EE0040903A /* Server */,
				B5366DD221399E960040903A /* Products */,
				B5AA3F652140646A002BCC34 /* Frameworks */,
			);
			sourceTree = "<group>";
		};
		B5366DD221399E960040903A /* Products */ = {
			isa = PBXGroup;
			children = (
				B5366DF221399FB10040903A /* Client */,
				B5366E082139A0EE0040903A /* Server */,
				B5366E2B213AE4090040903A /* libComLib.a */,
				B5366E4B213AF91E0040903A /* libDataLib.a */,
				B5003D9A215EBC3F007DC6C7 /* libUtilsLib.a */,
			);
			name = Products;
			sourceTree = "<group>";
		};
		B5366DF321399FB10040903A /* Client */ = {
			isa = PBXGroup;
			children = (
				B5366DF421399FB10040903A /* Cllient.cpp */,
			);
			path = Client;
			sourceTree = "<group>";
		};
		B5366E092139A0EE0040903A /* Server */ = {
			isa = PBXGroup;
			children = (
				B5366E0A2139A0EE0040903A /* Server.cpp */,
			);
			path = Server;
			sourceTree = "<group>";
		};
		B5366E2F213AE41D0040903A /* ComLib */ = {
			isa = PBXGroup;
			children = (
				B5366E30213AE4280040903A /* Inc */,
				B5366E31213AE42E0040903A /* Src */,
			);
			path = ComLib;
			sourceTree = "<group>";
		};
		B5366E30213AE4280040903A /* Inc */ = {
			isa = PBXGroup;
			children = (
				B5AA3F54213EF54E002BCC34 /* IMP_Message.hpp */,
				B5AA3F58213EFB8C002BCC34 /* IMP_MessageBody.hpp */,
				B5AA3F60213EFDE2002BCC34 /* IMP_ImageSizeMessageBody.hpp */,
				B5AA3F7721485BD2002BCC34 /* IMP_AckMessageBody.hpp */,
				B5AA3F6F2145B3F7002BCC34 /* IMP_Client.hpp */,
				B5AA3F68214069BB002BCC34 /* IMP_Server.hpp */,
			);
			path = Inc;
			sourceTree = "<group>";
		};
		B5366E31213AE42E0040903A /* Src */ = {
			isa = PBXGroup;
			children = (
				B5AA3F53213EF54E002BCC34 /* IMP_Message.cpp */,
				B5AA3F57213EFB8C002BCC34 /* IMP_MessageBody.cpp */,
				B5AA3F5F213EFDE2002BCC34 /* IMP_ImageSizeMessageBody.cpp */,
				B5AA3F7621485BD2002BCC34 /* IMP_AckMessageBody.cpp */,
				B5AA3F6E2145B3F7002BCC34 /* IMP_Client.cpp */,
				B5AA3F67214069BB002BCC34 /* IMP_Server.cpp */,
			);
			path = Src;
			sourceTree = "<group>";
		};
		B5366E4F213AF92F0040903A /* DataLib */ = {
			isa = PBXGroup;
			children = (
				B5366E50213AFA6A0040903A /* Inc */,
				B5366E51213AFA6E0040903A /* Src */,
			);
			path = DataLib;
			sourceTree = "<group>";
		};
		B5366E50213AFA6A0040903A /* Inc */ = {
			isa = PBXGroup;
			children = (
				B5366E53213AFAF20040903A /* IMP_Image.hpp */,
			);
			path = Inc;
			sourceTree = "<group>";
		};
		B5366E51213AFA6E0040903A /* Src */ = {
			isa = PBXGroup;
			children = (
				B5366E52213AFAF20040903A /* IMP_Image.cpp */,
			);
			path = Src;
			sourceTree = "<group>";
		};
		B5AA3F652140646A002BCC34 /* Frameworks */ = {
			isa = PBXGroup;
			children = (
			);
			name = Frameworks;
			sourceTree = "<group>";
		};
/* End PBXGroup section */

/* Begin PBXHeadersBuildPhase section */
		B5003D98215EBC3F007DC6C7 /* Headers */ = {
			isa = PBXHeadersBuildPhase;
			buildActionMask = 2147483647;
			files = (
			);
			runOnlyForDeploymentPostprocessing = 0;
		};
		B5366E29213AE4090040903A /* Headers */ = {
			isa = PBXHeadersBuildPhase;
			buildActionMask = 2147483647;
			files = (
				B5AA3F6A214069BB002BCC34 /* IMP_Server.hpp in Headers */,
				B5AA3F712145B3F7002BCC34 /* IMP_Client.hpp in Headers */,
				B5AA3F62213EFDE2002BCC34 /* IMP_ImageSizeMessageBody.hpp in Headers */,
				B5AA3F5A213EFB8C002BCC34 /* IMP_MessageBody.hpp in Headers */,
				B5AA3F56213EF54E002BCC34 /* IMP_Message.hpp in Headers */,
				B5AA3F7921485BD2002BCC34 /* IMP_AckMessageBody.hpp in Headers */,
			);
			runOnlyForDeploymentPostprocessing = 0;
		};
		B5366E49213AF91E0040903A /* Headers */ = {
			isa = PBXHeadersBuildPhase;
			buildActionMask = 2147483647;
			files = (
				B5366E55213AFAF20040903A /* IMP_Image.hpp in Headers */,
			);
			runOnlyForDeploymentPostprocessing = 0;
		};
/* End PBXHeadersBuildPhase section */

/* Begin PBXNativeTarget section */
		B5003D99215EBC3F007DC6C7 /* UtilsLib */ = {
			isa = PBXNativeTarget;
			buildConfigurationList = B5003D9B215EBC3F007DC6C7 /* Build configuration list for PBXNativeTarget "UtilsLib" */;
			buildPhases = (
				B5003D96215EBC3F007DC6C7 /* Sources */,
				B5003D97215EBC3F007DC6C7 /* Frameworks */,
				B5003D98215EBC3F007DC6C7 /* Headers */,
			);
			buildRules = (
			);
			dependencies = (
			);
			name = UtilsLib;
			productName = UtilsLib;
			productReference = B5003D9A215EBC3F007DC6C7 /* libUtilsLib.a */;
			productType = "com.apple.product-type.library.static";
		};
		B5366DF121399FB10040903A /* Client */ = {
			isa = PBXNativeTarget;
			buildConfigurationList = B5366DF621399FB10040903A /* Build configuration list for PBXNativeTarget "Client" */;
			buildPhases = (
				B5366DEE21399FB10040903A /* Sources */,
				B5366DEF21399FB10040903A /* Frameworks */,
				B5366DF021399FB10040903A /* CopyFiles */,
			);
			buildRules = (
			);
			dependencies = (
				B5003D8B215D7462007DC6C7 /* PBXTargetDependency */,
				B5AA3F64214063B5002BCC34 /* PBXTargetDependency */,
			);
			name = Client;
			productName = Client;
			productReference = B5366DF221399FB10040903A /* Client */;
			productType = "com.apple.product-type.tool";
		};
		B5366E072139A0EE0040903A /* Server */ = {
			isa = PBXNativeTarget;
			buildConfigurationList = B5366E0C2139A0EE0040903A /* Build configuration list for PBXNativeTarget "Server" */;
			buildPhases = (
				B5366E042139A0EE0040903A /* Sources */,
				B5366E052139A0EE0040903A /* Frameworks */,
				B5366E062139A0EE0040903A /* CopyFiles */,
			);
			buildRules = (
			);
			dependencies = (
				B5003D87215D7455007DC6C7 /* PBXTargetDependency */,
				B5AA3F6C21456B79002BCC34 /* PBXTargetDependency */,
			);
			name = Server;
			productName = Server;
			productReference = B5366E082139A0EE0040903A /* Server */;
			productType = "com.apple.product-type.tool";
		};
		B5366E2A213AE4090040903A /* ComLib */ = {
			isa = PBXNativeTarget;
			buildConfigurationList = B5366E2C213AE4090040903A /* Build configuration list for PBXNativeTarget "ComLib" */;
			buildPhases = (
				B5366E27213AE4090040903A /* Sources */,
				B5366E28213AE4090040903A /* Frameworks */,
				B5366E29213AE4090040903A /* Headers */,
			);
			buildRules = (
			);
			dependencies = (
			);
			name = ComLib;
			productName = ComLib;
			productReference = B5366E2B213AE4090040903A /* libComLib.a */;
			productType = "com.apple.product-type.library.static";
		};
		B5366E4A213AF91E0040903A /* DataLib */ = {
			isa = PBXNativeTarget;
			buildConfigurationList = B5366E4C213AF91E0040903A /* Build configuration list for PBXNativeTarget "DataLib" */;
			buildPhases = (
				B5366E47213AF91E0040903A /* Sources */,
				B5366E48213AF91E0040903A /* Frameworks */,
				B5366E49213AF91E0040903A /* Headers */,
			);
			buildRules = (
			);
			dependencies = (
			);
			name = DataLib;
			productName = DataLib;
			productReference = B5366E4B213AF91E0040903A /* libDataLib.a */;
			productType = "com.apple.product-type.library.static";
		};
/* End PBXNativeTarget section */

/* Begin PBXProject section */
		B5366DC921399E960040903A /* Project object */ = {
			isa = PBXProject;
			attributes = {
				LastUpgradeCheck = 0920;
				ORGANIZATIONNAME = "Frédéric Rubio";
				TargetAttributes = {
					B5003D99215EBC3F007DC6C7 = {
						CreatedOnToolsVersion = 9.2;
						ProvisioningStyle = Automatic;
					};
					B5366DF121399FB10040903A = {
						CreatedOnToolsVersion = 9.2;
						ProvisioningStyle = Automatic;
					};
					B5366E072139A0EE0040903A = {
						CreatedOnToolsVersion = 9.2;
						ProvisioningStyle = Automatic;
					};
					B5366E1F2139A4460040903A = {
						CreatedOnToolsVersion = 9.2;
						ProvisioningStyle = Automatic;
					};
					B5366E2A213AE4090040903A = {
						CreatedOnToolsVersion = 9.2;
						ProvisioningStyle = Automatic;
					};
					B5366E4A213AF91E0040903A = {
						CreatedOnToolsVersion = 9.2;
						ProvisioningStyle = Automatic;
					};
				};
			};
			buildConfigurationList = B5366DCC21399E960040903A /* Build configuration list for PBXProject "Network" */;
			compatibilityVersion = "Xcode 8.0";
			developmentRegion = en;
			hasScannedForEncodings = 0;
			knownRegions = (
				en,
			);
			mainGroup = B5366DC821399E960040903A;
			productRefGroup = B5366DD221399E960040903A /* Products */;
			projectDirPath = "";
			projectRoot = "";
			targets = (
				B5366DF121399FB10040903A /* Client */,
				B5366E072139A0EE0040903A /* Server */,
				B5366E1F2139A4460040903A /* ALL */,
				B5366E2A213AE4090040903A /* ComLib */,
				B5366E4A213AF91E0040903A /* DataLib */,
				B5003D99215EBC3F007DC6C7 /* UtilsLib */,
			);
		};
/* End PBXProject section */

/* Begin PBXSourcesBuildPhase section */
		B5003D96215EBC3F007DC6C7 /* Sources */ = {
			isa = PBXSourcesBuildPhase;
			buildActionMask = 2147483647;
			files = (
			);
			runOnlyForDeploymentPostprocessing = 0;
		};
		B5366DEE21399FB10040903A /* Sources */ = {
			isa = PBXSourcesBuildPhase;
			buildActionMask = 2147483647;
			files = (
				B5CCEAB321613480003F64AE /* NHO_LOG.cpp in Sources */,
				B5366DF521399FB10040903A /* Cllient.cpp in Sources */,
			);
			runOnlyForDeploymentPostprocessing = 0;
		};
		B5366E042139A0EE0040903A /* Sources */ = {
			isa = PBXSourcesBuildPhase;
			buildActionMask = 2147483647;
			files = (
				B5366E0B2139A0EE0040903A /* Server.cpp in Sources */,
			);
			runOnlyForDeploymentPostprocessing = 0;
		};
		B5366E27213AE4090040903A /* Sources */ = {
			isa = PBXSourcesBuildPhase;
			buildActionMask = 2147483647;
			files = (
				B5AA3F55213EF54E002BCC34 /* IMP_Message.cpp in Sources */,
				B5AA3F702145B3F7002BCC34 /* IMP_Client.cpp in Sources */,
				B5AA3F59213EFB8C002BCC34 /* IMP_MessageBody.cpp in Sources */,
				B5AA3F61213EFDE2002BCC34 /* IMP_ImageSizeMessageBody.cpp in Sources */,
				B5AA3F7821485BD2002BCC34 /* IMP_AckMessageBody.cpp in Sources */,
				B5AA3F69214069BB002BCC34 /* IMP_Server.cpp in Sources */,
			);
			runOnlyForDeploymentPostprocessing = 0;
		};
		B5366E47213AF91E0040903A /* Sources */ = {
			isa = PBXSourcesBuildPhase;
			buildActionMask = 2147483647;
			files = (
				B5366E54213AFAF20040903A /* IMP_Image.cpp in Sources */,
			);
			runOnlyForDeploymentPostprocessing = 0;
		};
/* End PBXSourcesBuildPhase section */

/* Begin PBXTargetDependency section */
		B5003D87215D7455007DC6C7 /* PBXTargetDependency */ = {
			isa = PBXTargetDependency;
			target = B5366E4A213AF91E0040903A /* DataLib */;
			targetProxy = B5003D86215D7455007DC6C7 /* PBXContainerItemProxy */;
		};
		B5003D8B215D7462007DC6C7 /* PBXTargetDependency */ = {
			isa = PBXTargetDependency;
			target = B5366E4A213AF91E0040903A /* DataLib */;
			targetProxy = B5003D8A215D7462007DC6C7 /* PBXContainerItemProxy */;
		};
		B5366E242139A44C0040903A /* PBXTargetDependency */ = {
			isa = PBXTargetDependency;
			target = B5366DF121399FB10040903A /* Client */;
			targetProxy = B5366E232139A44C0040903A /* PBXContainerItemProxy */;
		};
		B5366E262139A44C0040903A /* PBXTargetDependency */ = {
			isa = PBXTargetDependency;
			target = B5366E072139A0EE0040903A /* Server */;
			targetProxy = B5366E252139A44C0040903A /* PBXContainerItemProxy */;
		};
		B5AA3F64214063B5002BCC34 /* PBXTargetDependency */ = {
			isa = PBXTargetDependency;
			target = B5366E2A213AE4090040903A /* ComLib */;
			targetProxy = B5AA3F63214063B5002BCC34 /* PBXContainerItemProxy */;
		};
		B5AA3F6C21456B79002BCC34 /* PBXTargetDependency */ = {
			isa = PBXTargetDependency;
			target = B5366E2A213AE4090040903A /* ComLib */;
			targetProxy = B5AA3F6B21456B79002BCC34 /* PBXContainerItemProxy */;
		};
/* End PBXTargetDependency section */

/* Begin XCBuildConfiguration section */
		B5003D9C215EBC3F007DC6C7 /* Debug */ = {
			isa = XCBuildConfiguration;
			buildSettings = {
				CODE_SIGN_STYLE = Automatic;
				EXECUTABLE_PREFIX = lib;
				PRODUCT_NAME = "$(TARGET_NAME)";
			};
			name = Debug;
		};
		B5003D9D215EBC3F007DC6C7 /* Release */ = {
			isa = XCBuildConfiguration;
			buildSettings = {
				CODE_SIGN_STYLE = Automatic;
				EXECUTABLE_PREFIX = lib;
				PRODUCT_NAME = "$(TARGET_NAME)";
			};
			name = Release;
		};
		B5366DD621399E960040903A /* Debug */ = {
			isa = XCBuildConfiguration;
			buildSettings = {
				ALWAYS_SEARCH_USER_PATHS = NO;
				CLANG_ANALYZER_NONNULL = YES;
				CLANG_ANALYZER_NUMBER_OBJECT_CONVERSION = YES_AGGRESSIVE;
				CLANG_CXX_LANGUAGE_STANDARD = "gnu++14";
				CLANG_CXX_LIBRARY = "libc++";
				CLANG_ENABLE_MODULES = YES;
				CLANG_ENABLE_OBJC_ARC = YES;
				CLANG_WARN_BLOCK_CAPTURE_AUTORELEASING = YES;
				CLANG_WARN_BOOL_CONVERSION = YES;
				CLANG_WARN_COMMA = YES;
				CLANG_WARN_CONSTANT_CONVERSION = YES;
				CLANG_WARN_DIRECT_OBJC_ISA_USAGE = YES_ERROR;
				CLANG_WARN_DOCUMENTATION_COMMENTS = YES;
				CLANG_WARN_EMPTY_BODY = YES;
				CLANG_WARN_ENUM_CONVERSION = YES;
				CLANG_WARN_INFINITE_RECURSION = YES;
				CLANG_WARN_INT_CONVERSION = YES;
				CLANG_WARN_NON_LITERAL_NULL_CONVERSION = YES;
				CLANG_WARN_OBJC_LITERAL_CONVERSION = YES;
				CLANG_WARN_OBJC_ROOT_CLASS = YES_ERROR;
				CLANG_WARN_RANGE_LOOP_ANALYSIS = YES;
				CLANG_WARN_STRICT_PROTOTYPES = YES;
				CLANG_WARN_SUSPICIOUS_MOVE = YES;
				CLANG_WARN_UNGUARDED_AVAILABILITY = YES_AGGRESSIVE;
				CLANG_WARN_UNREACHABLE_CODE = YES;
				CLANG_WARN__DUPLICATE_METHOD_MATCH = YES;
				CODE_SIGN_IDENTITY = "-";
				COPY_PHASE_STRIP = NO;
				DEBUG_INFORMATION_FORMAT = dwarf;
				ENABLE_STRICT_OBJC_MSGSEND = YES;
				ENABLE_TESTABILITY = YES;
				GCC_C_LANGUAGE_STANDARD = gnu11;
				GCC_DYNAMIC_NO_PIC = NO;
				GCC_NO_COMMON_BLOCKS = YES;
				GCC_OPTIMIZATION_LEVEL = 0;
				GCC_PREPROCESSOR_DEFINITIONS = (
					"DEBUG=1",
					"$(inherited)",
				);
				GCC_WARN_64_TO_32_BIT_CONVERSION = YES;
				GCC_WARN_ABOUT_RETURN_TYPE = YES_ERROR;
				GCC_WARN_UNDECLARED_SELECTOR = YES;
				GCC_WARN_UNINITIALIZED_AUTOS = YES_AGGRESSIVE;
				GCC_WARN_UNUSED_FUNCTION = YES;
				GCC_WARN_UNUSED_VARIABLE = YES;
				MACOSX_DEPLOYMENT_TARGET = 10.12;
				MTL_ENABLE_DEBUG_INFO = YES;
				ONLY_ACTIVE_ARCH = YES;
				SDKROOT = macosx;
			};
			name = Debug;
		};
		B5366DD721399E960040903A /* Release */ = {
			isa = XCBuildConfiguration;
			buildSettings = {
				ALWAYS_SEARCH_USER_PATHS = NO;
				CLANG_ANALYZER_NONNULL = YES;
				CLANG_ANALYZER_NUMBER_OBJECT_CONVERSION = YES_AGGRESSIVE;
				CLANG_CXX_LANGUAGE_STANDARD = "gnu++14";
				CLANG_CXX_LIBRARY = "libc++";
				CLANG_ENABLE_MODULES = YES;
				CLANG_ENABLE_OBJC_ARC = YES;
				CLANG_WARN_BLOCK_CAPTURE_AUTORELEASING = YES;
				CLANG_WARN_BOOL_CONVERSION = YES;
				CLANG_WARN_COMMA = YES;
				CLANG_WARN_CONSTANT_CONVERSION = YES;
				CLANG_WARN_DIRECT_OBJC_ISA_USAGE = YES_ERROR;
				CLANG_WARN_DOCUMENTATION_COMMENTS = YES;
				CLANG_WARN_EMPTY_BODY = YES;
				CLANG_WARN_ENUM_CONVERSION = YES;
				CLANG_WARN_INFINITE_RECURSION = YES;
				CLANG_WARN_INT_CONVERSION = YES;
				CLANG_WARN_NON_LITERAL_NULL_CONVERSION = YES;
				CLANG_WARN_OBJC_LITERAL_CONVERSION = YES;
				CLANG_WARN_OBJC_ROOT_CLASS = YES_ERROR;
				CLANG_WARN_RANGE_LOOP_ANALYSIS = YES;
				CLANG_WARN_STRICT_PROTOTYPES = YES;
				CLANG_WARN_SUSPICIOUS_MOVE = YES;
				CLANG_WARN_UNGUARDED_AVAILABILITY = YES_AGGRESSIVE;
				CLANG_WARN_UNREACHABLE_CODE = YES;
				CLANG_WARN__DUPLICATE_METHOD_MATCH = YES;
				CODE_SIGN_IDENTITY = "-";
				COPY_PHASE_STRIP = NO;
				DEBUG_INFORMATION_FORMAT = "dwarf-with-dsym";
				ENABLE_NS_ASSERTIONS = NO;
				ENABLE_STRICT_OBJC_MSGSEND = YES;
				GCC_C_LANGUAGE_STANDARD = gnu11;
				GCC_NO_COMMON_BLOCKS = YES;
				GCC_WARN_64_TO_32_BIT_CONVERSION = YES;
				GCC_WARN_ABOUT_RETURN_TYPE = YES_ERROR;
				GCC_WARN_UNDECLARED_SELECTOR = YES;
				GCC_WARN_UNINITIALIZED_AUTOS = YES_AGGRESSIVE;
				GCC_WARN_UNUSED_FUNCTION = YES;
				GCC_WARN_UNUSED_VARIABLE = YES;
				MACOSX_DEPLOYMENT_TARGET = 10.12;
				MTL_ENABLE_DEBUG_INFO = NO;
				SDKROOT = macosx;
			};
			name = Release;
		};
		B5366DF721399FB10040903A /* Debug */ = {
			isa = XCBuildConfiguration;
			buildSettings = {
				CODE_SIGN_STYLE = Automatic;
				GCC_PREPROCESSOR_DEFINITIONS = (
					"DEBUG=1",
					"$(inherited)",
					"LOCAL_HOST=1",
				);
				"GCC_PREPROCESSOR_DEFINITIONS[arch=*]" = (
					"DEBUG=1",
					"$(inherited)",
					"MAC_OS=1",
				);
				PRODUCT_NAME = "$(TARGET_NAME)";
			};
			name = Debug;
		};
		B5366DF821399FB10040903A /* Release */ = {
			isa = XCBuildConfiguration;
			buildSettings = {
				CODE_SIGN_STYLE = Automatic;
				"GCC_PREPROCESSOR_DEFINITIONS[arch=*]" = "MAC_OS=1";
				PRODUCT_NAME = "$(TARGET_NAME)";
			};
			name = Release;
		};
		B5366E0D2139A0EE0040903A /* Debug */ = {
			isa = XCBuildConfiguration;
			buildSettings = {
				CODE_SIGN_STYLE = Automatic;
				PRODUCT_NAME = "$(TARGET_NAME)";
			};
			name = Debug;
		};
		B5366E0E2139A0EE0040903A /* Release */ = {
			isa = XCBuildConfiguration;
			buildSettings = {
				CODE_SIGN_STYLE = Automatic;
				PRODUCT_NAME = "$(TARGET_NAME)";
			};
			name = Release;
		};
		B5366E212139A4460040903A /* Debug */ = {
			isa = XCBuildConfiguration;
			buildSettings = {
				CODE_SIGN_STYLE = Automatic;
				PRODUCT_NAME = "$(TARGET_NAME)";
			};
			name = Debug;
		};
		B5366E222139A4460040903A /* Release */ = {
			isa = XCBuildConfiguration;
			buildSettings = {
				CODE_SIGN_STYLE = Automatic;
				PRODUCT_NAME = "$(TARGET_NAME)";
			};
			name = Release;
		};
		B5366E2D213AE4090040903A /* Debug */ = {
			isa = XCBuildConfiguration;
			buildSettings = {
				CODE_SIGN_STYLE = Automatic;
				EXECUTABLE_PREFIX = lib;
				PRODUCT_NAME = "$(TARGET_NAME)";
			};
			name = Debug;
		};
		B5366E2E213AE4090040903A /* Release */ = {
			isa = XCBuildConfiguration;
			buildSettings = {
				CODE_SIGN_STYLE = Automatic;
				EXECUTABLE_PREFIX = lib;
				PRODUCT_NAME = "$(TARGET_NAME)";
			};
			name = Release;
		};
		B5366E4D213AF91E0040903A /* Debug */ = {
			isa = XCBuildConfiguration;
			buildSettings = {
				CODE_SIGN_STYLE = Automatic;
				EXECUTABLE_PREFIX = lib;
				PRODUCT_NAME = "$(TARGET_NAME)";
			};
			name = Debug;
		};
		B5366E4E213AF91E0040903A /* Release */ = {
			isa = XCBuildConfiguration;
			buildSettings = {
				CODE_SIGN_STYLE = Automatic;
				EXECUTABLE_PREFIX = lib;
				PRODUCT_NAME = "$(TARGET_NAME)";
			};
			name = Release;
		};
/* End XCBuildConfiguration section */

/* Begin XCConfigurationList section */
		B5003D9B215EBC3F007DC6C7 /* Build configuration list for PBXNativeTarget "UtilsLib" */ = {
			isa = XCConfigurationList;
			buildConfigurations = (
				B5003D9C215EBC3F007DC6C7 /* Debug */,
				B5003D9D215EBC3F007DC6C7 /* Release */,
			);
			defaultConfigurationIsVisible = 0;
			defaultConfigurationName = Release;
		};
		B5366DCC21399E960040903A /* Build configuration list for PBXProject "Network" */ = {
			isa = XCConfigurationList;
			buildConfigurations = (
				B5366DD621399E960040903A /* Debug */,
				B5366DD721399E960040903A /* Release */,
			);
			defaultConfigurationIsVisible = 0;
			defaultConfigurationName = Release;
		};
		B5366DF621399FB10040903A /* Build configuration list for PBXNativeTarget "Client" */ = {
			isa = XCConfigurationList;
			buildConfigurations = (
				B5366DF721399FB10040903A /* Debug */,
				B5366DF821399FB10040903A /* Release */,
			);
			defaultConfigurationIsVisible = 0;
			defaultConfigurationName = Release;
		};
		B5366E0C2139A0EE0040903A /* Build configuration list for PBXNativeTarget "Server" */ = {
			isa = XCConfigurationList;
			buildConfigurations = (
				B5366E0D2139A0EE0040903A /* Debug */,
				B5366E0E2139A0EE0040903A /* Release */,
			);
			defaultConfigurationIsVisible = 0;
			defaultConfigurationName = Release;
		};
		B5366E202139A4460040903A /* Build configuration list for PBXAggregateTarget "ALL" */ = {
			isa = XCConfigurationList;
			buildConfigurations = (
				B5366E212139A4460040903A /* Debug */,
				B5366E222139A4460040903A /* Release */,
			);
			defaultConfigurationIsVisible = 0;
			defaultConfigurationName = Release;
		};
		B5366E2C213AE4090040903A /* Build configuration list for PBXNativeTarget "ComLib" */ = {
			isa = XCConfigurationList;
			buildConfigurations = (
				B5366E2D213AE4090040903A /* Debug */,
				B5366E2E213AE4090040903A /* Release */,
			);
			defaultConfigurationIsVisible = 0;
			defaultConfigurationName = Release;
		};
		B5366E4C213AF91E0040903A /* Build configuration list for PBXNativeTarget "DataLib" */ = {
			isa = XCConfigurationList;
			buildConfigurations = (
				B5366E4D213AF91E0040903A /* Debug */,
				B5366E4E213AF91E0040903A /* Release */,
			);
			defaultConfigurationIsVisible = 0;
			defaultConfigurationName = Release;
		};
/* End XCConfigurationList section */
	};
	rootObject = B5366DC921399E960040903A /* Project object */;
}
